
Microsoft Visual Studio Solution File, Format Version 12.00
# Visual Studio Version 16
VisualStudioVersion = 16.0.30413.136
MinimumVisualStudioVersion = 10.0.40219.1
Project("{FAE04EC0-301F-11D3-BF4B-00C04F79EFBC}") = "FinalProject", "FinalProject\FinalProject.csproj", "{68459DD3-B36E-4314-8DD6-217F184E4CA1}"
EndProject
Global
	GlobalSection(SolutionConfigurationPlatforms) = preSolution
		Debug|Any CPU = Debug|Any CPU
		Release|Any CPU = Release|Any CPU
	EndGlobalSection
	GlobalSection(ProjectConfigurationPlatforms) = postSolution
		{68459DD3-B36E-4314-8DD6-217F184E4CA1}.Debug|Any CPU.ActiveCfg = Debug|Any CPU
		{68459DD3-B36E-4314-8DD6-217F184E4CA1}.Debug|Any CPU.Build.0 = Debug|Any CPU
		{68459DD3-B36E-4314-8DD6-217F184E4CA1}.Release|Any CPU.ActiveCfg = Release|Any CPU
		{68459DD3-B36E-4314-8DD6-217F184E4CA1}.Release|Any CPU.Build.0 = Release|Any CPU
	EndGlobalSection
	GlobalSection(SolutionProperties) = preSolution
		HideSolutionNode = FALSE
	EndGlobalSection
	GlobalSection(ExtensibilityGlobals) = postSolution
		SolutionGuid = {319B51A3-1ED1-4720-9122-7CA12EC6B55D}
	EndGlobalSection
EndGlobal
